
Microsoft Visual Studio Solution File, Format Version 12.00
# Visual Studio 2012
Project("{888888A0-9F3D-457C-B088-3A5042F75D52}") = "TMGToolbox", "TMGToolbox\TMGToolbox.pyproj", "{E3971B1D-472C-405D-8239-EB17D9506C87}"
EndProject
Global
	GlobalSection(TeamFoundationVersionControl) = preSolution
		SccNumberOfProjects = 2
		SccEnterpriseProvider = {4CA58AB2-18FA-4F8D-95D4-32DDF27D184C}
		SccTeamFoundationServer = http://localhost:8080/tfs/defaultcollection
		SccLocalPath0 = .
		SccProjectUniqueName1 = TMGToolbox\\TMGToolbox.pyproj
		SccProjectName1 = TMGToolbox
		SccLocalPath1 = TMGToolbox
	EndGlobalSection
	GlobalSection(SolutionConfigurationPlatforms) = preSolution
		Debug|Any CPU = Debug|Any CPU
		Release|Any CPU = Release|Any CPU
	EndGlobalSection
	GlobalSection(ProjectConfigurationPlatforms) = postSolution
		{E3971B1D-472C-405D-8239-EB17D9506C87}.Debug|Any CPU.ActiveCfg = Debug|Any CPU
		{E3971B1D-472C-405D-8239-EB17D9506C87}.Debug|Any CPU.Build.0 = Debug|Any CPU
		{E3971B1D-472C-405D-8239-EB17D9506C87}.Release|Any CPU.ActiveCfg = Release|Any CPU
		{E3971B1D-472C-405D-8239-EB17D9506C87}.Release|Any CPU.Build.0 = Release|Any CPU
	EndGlobalSection
	GlobalSection(SolutionProperties) = preSolution
		HideSolutionNode = FALSE
	EndGlobalSection
EndGlobal
